// !$*UTF8*$!
{
	archiveVersion = 1;
	classes = {
	};
	objectVersion = 56;
	objects = {

/* Begin PBXBuildFile section */
		CF7BA6AE2AA0770E004561F0 /* BioBlitzApp.swift in Sources */ = {isa = PBXBuildFile; fileRef = CF7BA6AD2AA0770E004561F0 /* BioBlitzApp.swift */; };
		CF7BA6B02AA0770E004561F0 /* ContentView.swift in Sources */ = {isa = PBXBuildFile; fileRef = CF7BA6AF2AA0770E004561F0 /* ContentView.swift */; };
		CF7BA6B22AA07710004561F0 /* Assets.xcassets in Resources */ = {isa = PBXBuildFile; fileRef = CF7BA6B12AA07710004561F0 /* Assets.xcassets */; };
		CF7BA6B52AA07710004561F0 /* Preview Assets.xcassets in Resources */ = {isa = PBXBuildFile; fileRef = CF7BA6B42AA07710004561F0 /* Preview Assets.xcassets */; };
		CF7BA6BD2AA078CA004561F0 /* Bacteria.swift in Sources */ = {isa = PBXBuildFile; fileRef = CF7BA6BC2AA078CA004561F0 /* Bacteria.swift */; };
		CF7BA6BF2AA07A6E004561F0 /* BacteriaView.swift in Sources */ = {isa = PBXBuildFile; fileRef = CF7BA6BE2AA07A6E004561F0 /* BacteriaView.swift */; };
		CF7BA6C12AA07CB6004561F0 /* GameBoard.swift in Sources */ = {isa = PBXBuildFile; fileRef = CF7BA6C02AA07CB6004561F0 /* GameBoard.swift */; };
/* End PBXBuildFile section */

/* Begin PBXFileReference section */
		CF7BA6AA2AA0770E004561F0 /* BioBlitz.app */ = {isa = PBXFileReference; explicitFileType = wrapper.application; includeInIndex = 0; path = BioBlitz.app; sourceTree = BUILT_PRODUCTS_DIR; };
		CF7BA6AD2AA0770E004561F0 /* BioBlitzApp.swift */ = {isa = PBXFileReference; lastKnownFileType = sourcecode.swift; path = BioBlitzApp.swift; sourceTree = "<group>"; };
		CF7BA6AF2AA0770E004561F0 /* ContentView.swift */ = {isa = PBXFileReference; lastKnownFileType = sourcecode.swift; path = ContentView.swift; sourceTree = "<group>"; };
		CF7BA6B12AA07710004561F0 /* Assets.xcassets */ = {isa = PBXFileReference; lastKnownFileType = folder.assetcatalog; path = Assets.xcassets; sourceTree = "<group>"; };
		CF7BA6B42AA07710004561F0 /* Preview Assets.xcassets */ = {isa = PBXFileReference; lastKnownFileType = folder.assetcatalog; path = "Preview Assets.xcassets"; sourceTree = "<group>"; };
		CF7BA6B62AA07710004561F0 /* BioBlitz.entitlements */ = {isa = PBXFileReference; lastKnownFileType = text.plist.entitlements; path = BioBlitz.entitlements; sourceTree = "<group>"; };
		CF7BA6BC2AA078CA004561F0 /* Bacteria.swift */ = {isa = PBXFileReference; lastKnownFileType = sourcecode.swift; path = Bacteria.swift; sourceTree = "<group>"; };
		CF7BA6BE2AA07A6E004561F0 /* BacteriaView.swift */ = {isa = PBXFileReference; lastKnownFileType = sourcecode.swift; path = BacteriaView.swift; sourceTree = "<group>"; };
		CF7BA6C02AA07CB6004561F0 /* GameBoard.swift */ = {isa = PBXFileReference; lastKnownFileType = sourcecode.swift; path = GameBoard.swift; sourceTree = "<group>"; };
/* End PBXFileReference section */

/* Begin PBXFrameworksBuildPhase section */
		CF7BA6A72AA0770E004561F0 /* Frameworks */ = {
			isa = PBXFrameworksBuildPhase;
			buildActionMask = 2147483647;
			files = (
			);
			runOnlyForDeploymentPostprocessing = 0;
		};
/* End PBXFrameworksBuildPhase section */

/* Begin PBXGroup section */
		CF7BA6A12AA0770E004561F0 = {
			isa = PBXGroup;
			children = (
				CF7BA6AC2AA0770E004561F0 /* BioBlitz */,
				CF7BA6AB2AA0770E004561F0 /* Products */,
			);
			sourceTree = "<group>";
		};
		CF7BA6AB2AA0770E004561F0 /* Products */ = {
			isa = PBXGroup;
			children = (
				CF7BA6AA2AA0770E004561F0 /* BioBlitz.app */,
			);
			name = Products;
			sourceTree = "<group>";
		};
		CF7BA6AC2AA0770E004561F0 /* BioBlitz */ = {
			isa = PBXGroup;
			children = (
				CF7BA6AD2AA0770E004561F0 /* BioBlitzApp.swift */,
				CF7BA6AF2AA0770E004561F0 /* ContentView.swift */,
				CF7BA6C02AA07CB6004561F0 /* GameBoard.swift */,
				CF7BA6BC2AA078CA004561F0 /* Bacteria.swift */,
				CF7BA6BE2AA07A6E004561F0 /* BacteriaView.swift */,
				CF7BA6B12AA07710004561F0 /* Assets.xcassets */,
				CF7BA6B62AA07710004561F0 /* BioBlitz.entitlements */,
				CF7BA6B32AA07710004561F0 /* Preview Content */,
			);
			path = BioBlitz;
			sourceTree = "<group>";
		};
		CF7BA6B32AA07710004561F0 /* Preview Content */ = {
			isa = PBXGroup;
			children = (
				CF7BA6B42AA07710004561F0 /* Preview Assets.xcassets */,
			);
			path = "Preview Content";
			sourceTree = "<group>";
		};
/* End PBXGroup section */

/* Begin PBXNativeTarget section */
		CF7BA6A92AA0770E004561F0 /* BioBlitz */ = {
			isa = PBXNativeTarget;
			buildConfigurationList = CF7BA6B92AA07710004561F0 /* Build configuration list for PBXNativeTarget "BioBlitz" */;
			buildPhases = (
				CF7BA6A62AA0770E004561F0 /* Sources */,
				CF7BA6A72AA0770E004561F0 /* Frameworks */,
				CF7BA6A82AA0770E004561F0 /* Resources */,
			);
			buildRules = (
			);
			dependencies = (
			);
			name = BioBlitz;
			productName = BioBlitz;
			productReference = CF7BA6AA2AA0770E004561F0 /* BioBlitz.app */;
			productType = "com.apple.product-type.application";
		};
/* End PBXNativeTarget section */

/* Begin PBXProject section */
		CF7BA6A22AA0770E004561F0 /* Project object */ = {
			isa = PBXProject;
			attributes = {
				BuildIndependentTargetsInParallel = 1;
				LastSwiftUpdateCheck = 1500;
				LastUpgradeCheck = 1500;
				TargetAttributes = {
					CF7BA6A92AA0770E004561F0 = {
						CreatedOnToolsVersion = 15.0;
					};
				};
			};
			buildConfigurationList = CF7BA6A52AA0770E004561F0 /* Build configuration list for PBXProject "BioBlitz" */;
			compatibilityVersion = "Xcode 14.0";
			developmentRegion = en;
			hasScannedForEncodings = 0;
			knownRegions = (
				en,
				Base,
			);
			mainGroup = CF7BA6A12AA0770E004561F0;
			productRefGroup = CF7BA6AB2AA0770E004561F0 /* Products */;
			projectDirPath = "";
			projectRoot = "";
			targets = (
				CF7BA6A92AA0770E004561F0 /* BioBlitz */,
			);
		};
/* End PBXProject section */

/* Begin PBXResourcesBuildPhase section */
		CF7BA6A82AA0770E004561F0 /* Resources */ = {
			isa = PBXResourcesBuildPhase;
			buildActionMask = 2147483647;
			files = (
				CF7BA6B52AA07710004561F0 /* Preview Assets.xcassets in Resources */,
				CF7BA6B22AA07710004561F0 /* Assets.xcassets in Resources */,
			);
			runOnlyForDeploymentPostprocessing = 0;
		};
/* End PBXResourcesBuildPhase section */

/* Begin PBXSourcesBuildPhase section */
		CF7BA6A62AA0770E004561F0 /* Sources */ = {
			isa = PBXSourcesBuildPhase;
			buildActionMask = 2147483647;
			files = (
				CF7BA6B02AA0770E004561F0 /* ContentView.swift in Sources */,
				CF7BA6AE2AA0770E004561F0 /* BioBlitzApp.swift in Sources */,
				CF7BA6C12AA07CB6004561F0 /* GameBoard.swift in Sources */,
				CF7BA6BD2AA078CA004561F0 /* Bacteria.swift in Sources */,
				CF7BA6BF2AA07A6E004561F0 /* BacteriaView.swift in Sources */,
			);
			runOnlyForDeploymentPostprocessing = 0;
		};
/* End PBXSourcesBuildPhase section */

/* Begin XCBuildConfiguration section */
		CF7BA6B72AA07710004561F0 /* Debug */ = {
			isa = XCBuildConfiguration;
			buildSettings = {
				ALWAYS_SEARCH_USER_PATHS = NO;
				ASSETCATALOG_COMPILER_GENERATE_SWIFT_ASSET_SYMBOL_EXTENSIONS = YES;
				CLANG_ANALYZER_NONNULL = YES;
				CLANG_ANALYZER_NUMBER_OBJECT_CONVERSION = YES_AGGRESSIVE;
				CLANG_CXX_LANGUAGE_STANDARD = "gnu++20";
				CLANG_ENABLE_MODULES = YES;
				CLANG_ENABLE_OBJC_ARC = YES;
				CLANG_ENABLE_OBJC_WEAK = YES;
				CLANG_WARN_BLOCK_CAPTURE_AUTORELEASING = YES;
				CLANG_WARN_BOOL_CONVERSION = YES;
				CLANG_WARN_COMMA = YES;
				CLANG_WARN_CONSTANT_CONVERSION = YES;
				CLANG_WARN_DEPRECATED_OBJC_IMPLEMENTATIONS = YES;
				CLANG_WARN_DIRECT_OBJC_ISA_USAGE = YES_ERROR;
				CLANG_WARN_DOCUMENTATION_COMMENTS = YES;
				CLANG_WARN_EMPTY_BODY = YES;
				CLANG_WARN_ENUM_CONVERSION = YES;
				CLANG_WARN_INFINITE_RECURSION = YES;
				CLANG_WARN_INT_CONVERSION = YES;
				CLANG_WARN_NON_LITERAL_NULL_CONVERSION = YES;
				CLANG_WARN_OBJC_IMPLICIT_RETAIN_SELF = YES;
				CLANG_WARN_OBJC_LITERAL_CONVERSION = YES;
				CLANG_WARN_OBJC_ROOT_CLASS = YES_ERROR;
				CLANG_WARN_QUOTED_INCLUDE_IN_FRAMEWORK_HEADER = YES;
				CLANG_WARN_RANGE_LOOP_ANALYSIS = YES;
				CLANG_WARN_STRICT_PROTOTYPES = YES;
				CLANG_WARN_SUSPICIOUS_MOVE = YES;
				CLANG_WARN_UNGUARDED_AVAILABILITY = YES_AGGRESSIVE;
				CLANG_WARN_UNREACHABLE_CODE = YES;
				CLANG_WARN__DUPLICATE_METHOD_MATCH = YES;
				COPY_PHASE_STRIP = NO;
				DEBUG_INFORMATION_FORMAT = dwarf;
				ENABLE_STRICT_OBJC_MSGSEND = YES;
				ENABLE_TESTABILITY = YES;
				ENABLE_USER_SCRIPT_SANDBOXING = YES;
				GCC_C_LANGUAGE_STANDARD = gnu17;
				GCC_DYNAMIC_NO_PIC = NO;
				GCC_NO_COMMON_BLOCKS = YES;
				GCC_OPTIMIZATION_LEVEL = 0;
				GCC_PREPROCESSOR_DEFINITIONS = (
					"DEBUG=1",
					"$(inherited)",
				);
				GCC_WARN_64_TO_32_BIT_CONVERSION = YES;
				GCC_WARN_ABOUT_RETURN_TYPE = YES_ERROR;
				GCC_WARN_UNDECLARED_SELECTOR = YES;
				GCC_WARN_UNINITIALIZED_AUTOS = YES_AGGRESSIVE;
				GCC_WARN_UNUSED_FUNCTION = YES;
				GCC_WARN_UNUSED_VARIABLE = YES;
				LOCALIZATION_PREFERS_STRING_CATALOGS = YES;
				MACOSX_DEPLOYMENT_TARGET = 14.0;
				MTL_ENABLE_DEBUG_INFO = INCLUDE_SOURCE;
				MTL_FAST_MATH = YES;
				ONLY_ACTIVE_ARCH = YES;
				SDKROOT = macosx;
				SWIFT_ACTIVE_COMPILATION_CONDITIONS = "DEBUG $(inherited)";
				SWIFT_OPTIMIZATION_LEVEL = "-Onone";
			};
			name = Debug;
		};
		CF7BA6B82AA07710004561F0 /* Release */ = {
			isa = XCBuildConfiguration;
			buildSettings = {
				ALWAYS_SEARCH_USER_PATHS = NO;
				ASSETCATALOG_COMPILER_GENERATE_SWIFT_ASSET_SYMBOL_EXTENSIONS = YES;
				CLANG_ANALYZER_NONNULL = YES;
				CLANG_ANALYZER_NUMBER_OBJECT_CONVERSION = YES_AGGRESSIVE;
				CLANG_CXX_LANGUAGE_STANDARD = "gnu++20";
				CLANG_ENABLE_MODULES = YES;
				CLANG_ENABLE_OBJC_ARC = YES;
				CLANG_ENABLE_OBJC_WEAK = YES;
				CLANG_WARN_BLOCK_CAPTURE_AUTORELEASING = YES;
				CLANG_WARN_BOOL_CONVERSION = YES;
				CLANG_WARN_COMMA = YES;
				CLANG_WARN_CONSTANT_CONVERSION = YES;
				CLANG_WARN_DEPRECATED_OBJC_IMPLEMENTATIONS = YES;
				CLANG_WARN_DIRECT_OBJC_ISA_USAGE = YES_ERROR;
				CLANG_WARN_DOCUMENTATION_COMMENTS = YES;
				CLANG_WARN_EMPTY_BODY = YES;
				CLANG_WARN_ENUM_CONVERSION = YES;
				CLANG_WARN_INFINITE_RECURSION = YES;
				CLANG_WARN_INT_CONVERSION = YES;
				CLANG_WARN_NON_LITERAL_NULL_CONVERSION = YES;
				CLANG_WARN_OBJC_IMPLICIT_RETAIN_SELF = YES;
				CLANG_WARN_OBJC_LITERAL_CONVERSION = YES;
				CLANG_WARN_OBJC_ROOT_CLASS = YES_ERROR;
				CLANG_WARN_QUOTED_INCLUDE_IN_FRAMEWORK_HEADER = YES;
				CLANG_WARN_RANGE_LOOP_ANALYSIS = YES;
				CLANG_WARN_STRICT_PROTOTYPES = YES;
				CLANG_WARN_SUSPICIOUS_MOVE = YES;
				CLANG_WARN_UNGUARDED_AVAILABILITY = YES_AGGRESSIVE;
				CLANG_WARN_UNREACHABLE_CODE = YES;
				CLANG_WARN__DUPLICATE_METHOD_MATCH = YES;
				COPY_PHASE_STRIP = NO;
				DEBUG_INFORMATION_FORMAT = "dwarf-with-dsym";
				ENABLE_NS_ASSERTIONS = NO;
				ENABLE_STRICT_OBJC_MSGSEND = YES;
				ENABLE_USER_SCRIPT_SANDBOXING = YES;
				GCC_C_LANGUAGE_STANDARD = gnu17;
				GCC_NO_COMMON_BLOCKS = YES;
				GCC_WARN_64_TO_32_BIT_CONVERSION = YES;
				GCC_WARN_ABOUT_RETURN_TYPE = YES_ERROR;
				GCC_WARN_UNDECLARED_SELECTOR = YES;
				GCC_WARN_UNINITIALIZED_AUTOS = YES_AGGRESSIVE;
				GCC_WARN_UNUSED_FUNCTION = YES;
				GCC_WARN_UNUSED_VARIABLE = YES;
				LOCALIZATION_PREFERS_STRING_CATALOGS = YES;
				MACOSX_DEPLOYMENT_TARGET = 14.0;
				MTL_ENABLE_DEBUG_INFO = NO;
				MTL_FAST_MATH = YES;
				SDKROOT = macosx;
				SWIFT_COMPILATION_MODE = wholemodule;
			};
			name = Release;
		};
		CF7BA6BA2AA07710004561F0 /* Debug */ = {
			isa = XCBuildConfiguration;
			buildSettings = {
				ASSETCATALOG_COMPILER_APPICON_NAME = AppIcon;
				ASSETCATALOG_COMPILER_GLOBAL_ACCENT_COLOR_NAME = AccentColor;
				CODE_SIGN_ENTITLEMENTS = BioBlitz/BioBlitz.entitlements;
				CODE_SIGN_STYLE = Automatic;
				COMBINE_HIDPI_IMAGES = YES;
				CURRENT_PROJECT_VERSION = 1;
				DEVELOPMENT_ASSET_PATHS = "\"BioBlitz/Preview Content\"";
				DEVELOPMENT_TEAM = Q45GXX95B4;
				ENABLE_HARDENED_RUNTIME = YES;
				ENABLE_PREVIEWS = YES;
				GENERATE_INFOPLIST_FILE = YES;
				INFOPLIST_KEY_NSHumanReadableCopyright = "";
				LD_RUNPATH_SEARCH_PATHS = (
					"$(inherited)",
					"@executable_path/../Frameworks",
				);
				MARKETING_VERSION = 1.0;
				PRODUCT_BUNDLE_IDENTIFIER = com.DiasPTW.BioBlitz;
				PRODUCT_NAME = "$(TARGET_NAME)";
				SWIFT_EMIT_LOC_STRINGS = YES;
				SWIFT_VERSION = 5.0;
			};
			name = Debug;
		};
		CF7BA6BB2AA07710004561F0 /* Release */ = {
			isa = XCBuildConfiguration;
			buildSettings = {
				ASSETCATALOG_COMPILER_APPICON_NAME = AppIcon;
				ASSETCATALOG_COMPILER_GLOBAL_ACCENT_COLOR_NAME = AccentColor;
				CODE_SIGN_ENTITLEMENTS = BioBlitz/BioBlitz.entitlements;
				CODE_SIGN_STYLE = Automatic;
				COMBINE_HIDPI_IMAGES = YES;
				CURRENT_PROJECT_VERSION = 1;
				DEVELOPMENT_ASSET_PATHS = "\"BioBlitz/Preview Content\"";
				DEVELOPMENT_TEAM = Q45GXX95B4;
				ENABLE_HARDENED_RUNTIME = YES;
				ENABLE_PREVIEWS = YES;
				GENERATE_INFOPLIST_FILE = YES;
				INFOPLIST_KEY_NSHumanReadableCopyright = "";
				LD_RUNPATH_SEARCH_PATHS = (
					"$(inherited)",
					"@executable_path/../Frameworks",
				);
				MARKETING_VERSION = 1.0;
				PRODUCT_BUNDLE_IDENTIFIER = com.DiasPTW.BioBlitz;
				PRODUCT_NAME = "$(TARGET_NAME)";
				SWIFT_EMIT_LOC_STRINGS = YES;
				SWIFT_VERSION = 5.0;
			};
			name = Release;
		};
/* End XCBuildConfiguration section */

/* Begin XCConfigurationList section */
		CF7BA6A52AA0770E004561F0 /* Build configuration list for PBXProject "BioBlitz" */ = {
			isa = XCConfigurationList;
			buildConfigurations = (
				CF7BA6B72AA07710004561F0 /* Debug */,
				CF7BA6B82AA07710004561F0 /* Release */,
			);
			defaultConfigurationIsVisible = 0;
			defaultConfigurationName = Release;
		};
		CF7BA6B92AA07710004561F0 /* Build configuration list for PBXNativeTarget "BioBlitz" */ = {
			isa = XCConfigurationList;
			buildConfigurations = (
				CF7BA6BA2AA07710004561F0 /* Debug */,
				CF7BA6BB2AA07710004561F0 /* Release */,
			);
			defaultConfigurationIsVisible = 0;
			defaultConfigurationName = Release;
		};
/* End XCConfigurationList section */
	};
	rootObject = CF7BA6A22AA0770E004561F0 /* Project object */;
}
